
Microsoft Visual Studio Solution File, Format Version 12.00
# Visual Studio Version 17
VisualStudioVersion = 17.5.002.0
MinimumVisualStudioVersion = 10.0.40219.1
Project("{9A19103F-16F7-4668-BE54-9A1E7A4F7556}") = "MyConsoleApp", "MyConsoleApp.csproj", "{E5DFC66C-C20F-4C6A-A3FC-96C9C1C6F574}"
EndProject
Global
	GlobalSection(SolutionConfigurationPlatforms) = preSolution
		Debug|Any CPU = Debug|Any CPU
		Release|Any CPU = Release|Any CPU
	EndGlobalSection
	GlobalSection(ProjectConfigurationPlatforms) = postSolution
		{E5DFC66C-C20F-4C6A-A3FC-96C9C1C6F574}.Debug|Any CPU.ActiveCfg = Debug|Any CPU
		{E5DFC66C-C20F-4C6A-A3FC-96C9C1C6F574}.Debug|Any CPU.Build.0 = Debug|Any CPU
		{E5DFC66C-C20F-4C6A-A3FC-96C9C1C6F574}.Release|Any CPU.ActiveCfg = Release|Any CPU
		{E5DFC66C-C20F-4C6A-A3FC-96C9C1C6F574}.Release|Any CPU.Build.0 = Release|Any CPU
	EndGlobalSection
	GlobalSection(SolutionProperties) = preSolution
		HideSolutionNode = FALSE
	EndGlobalSection
	GlobalSection(ExtensibilityGlobals) = postSolution
		SolutionGuid = {AE4FEC5E-1F0A-4607-A2CB-4ECE2F0ADE07}
	EndGlobalSection
EndGlobal
